{
    "_readme": [
        "This file locks the dependencies of your project to a known state",
        "Read more about it at https://getcomposer.org/doc/01-basic-usage.md#installing-dependencies",
        "This file is @generated automatically"
    ],
    "content-hash": "a1ffd4c7b3c39c0f22488692b8c5f96a",
    "packages": [],
    "packages-dev": [],
    "aliases": [],
    "minimum-stability": "stable",
    "stability-flags": [],
    "prefer-stable": false,
    "prefer-lowest": false,
    "platform": {
        "php": "^7.0.0",
        "ext-gd": "*",
        "ext-intl": "*",
        "ext-mbstring": "*",
        "ext-soap": "*",
        "ext-xmlrpc": "*"
    },
    "platform-dev": [],
    "plugin-api-version": "1.1.0"
}
